
Microsoft Visual Studio Solution File, Format Version 12.00
# Visual Studio Version 17
VisualStudioVersion = 17.0.31903.59
MinimumVisualStudioVersion = 10.0.40219.1
Project("{FAE04EC0-301F-11D3-BF4B-00C04F79EFBC}") = "Indiko.Maui.Controls.MapBox", "Indiko.Maui.Controls.MapBox\Indiko.Maui.Controls.MapBox.csproj", "{222E6966-5AD8-4E59-B6F4-8178B40548F2}"
EndProject
Project("{FAE04EC0-301F-11D3-BF4B-00C04F79EFBC}") = "Indiko.Maui.Controls.MapBox.Bindings.Android", "Indiko.Maui.Controls.MapBox.Bindings.Android\Indiko.Maui.Controls.MapBox.Bindings.Android.csproj", "{9CF8084A-611B-4C81-8F06-F5C93DB6F071}"
EndProject
Project("{FAE04EC0-301F-11D3-BF4B-00C04F79EFBC}") = "Indiko.Maui.Controls.MapBox.Bindings.iOS", "Indiko.Maui.Controls.MapBox.Bindings.iOS\Indiko.Maui.Controls.MapBox.Bindings.iOS.csproj", "{C85CFF1B-D650-4377-B7EC-1EC2B78E0E04}"
EndProject
Global
	GlobalSection(SolutionConfigurationPlatforms) = preSolution
		Debug|Any CPU = Debug|Any CPU
		Debug|x64 = Debug|x64
		Debug|x86 = Debug|x86
		Release|Any CPU = Release|Any CPU
		Release|x64 = Release|x64
		Release|x86 = Release|x86
	EndGlobalSection
	GlobalSection(ProjectConfigurationPlatforms) = postSolution
		{222E6966-5AD8-4E59-B6F4-8178B40548F2}.Debug|Any CPU.ActiveCfg = Debug|Any CPU
		{222E6966-5AD8-4E59-B6F4-8178B40548F2}.Debug|Any CPU.Build.0 = Debug|Any CPU
		{222E6966-5AD8-4E59-B6F4-8178B40548F2}.Debug|x64.ActiveCfg = Debug|Any CPU
		{222E6966-5AD8-4E59-B6F4-8178B40548F2}.Debug|x64.Build.0 = Debug|Any CPU
		{222E6966-5AD8-4E59-B6F4-8178B40548F2}.Debug|x86.ActiveCfg = Debug|Any CPU
		{222E6966-5AD8-4E59-B6F4-8178B40548F2}.Debug|x86.Build.0 = Debug|Any CPU
		{222E6966-5AD8-4E59-B6F4-8178B40548F2}.Release|Any CPU.ActiveCfg = Release|Any CPU
		{222E6966-5AD8-4E59-B6F4-8178B40548F2}.Release|Any CPU.Build.0 = Release|Any CPU
		{222E6966-5AD8-4E59-B6F4-8178B40548F2}.Release|x64.ActiveCfg = Release|Any CPU
		{222E6966-5AD8-4E59-B6F4-8178B40548F2}.Release|x64.Build.0 = Release|Any CPU
		{222E6966-5AD8-4E59-B6F4-8178B40548F2}.Release|x86.ActiveCfg = Release|Any CPU
		{222E6966-5AD8-4E59-B6F4-8178B40548F2}.Release|x86.Build.0 = Release|Any CPU
		{9CF8084A-611B-4C81-8F06-F5C93DB6F071}.Debug|Any CPU.ActiveCfg = Debug|Any CPU
		{9CF8084A-611B-4C81-8F06-F5C93DB6F071}.Debug|Any CPU.Build.0 = Debug|Any CPU
		{9CF8084A-611B-4C81-8F06-F5C93DB6F071}.Debug|x64.ActiveCfg = Debug|Any CPU
		{9CF8084A-611B-4C81-8F06-F5C93DB6F071}.Debug|x64.Build.0 = Debug|Any CPU
		{9CF8084A-611B-4C81-8F06-F5C93DB6F071}.Debug|x86.ActiveCfg = Debug|Any CPU
		{9CF8084A-611B-4C81-8F06-F5C93DB6F071}.Debug|x86.Build.0 = Debug|Any CPU
		{9CF8084A-611B-4C81-8F06-F5C93DB6F071}.Release|Any CPU.ActiveCfg = Release|Any CPU
		{9CF8084A-611B-4C81-8F06-F5C93DB6F071}.Release|Any CPU.Build.0 = Release|Any CPU
		{9CF8084A-611B-4C81-8F06-F5C93DB6F071}.Release|x64.ActiveCfg = Release|Any CPU
		{9CF8084A-611B-4C81-8F06-F5C93DB6F071}.Release|x64.Build.0 = Release|Any CPU
		{9CF8084A-611B-4C81-8F06-F5C93DB6F071}.Release|x86.ActiveCfg = Release|Any CPU
		{9CF8084A-611B-4C81-8F06-F5C93DB6F071}.Release|x86.Build.0 = Release|Any CPU
		{C85CFF1B-D650-4377-B7EC-1EC2B78E0E04}.Debug|Any CPU.ActiveCfg = Debug|Any CPU
		{C85CFF1B-D650-4377-B7EC-1EC2B78E0E04}.Debug|Any CPU.Build.0 = Debug|Any CPU
		{C85CFF1B-D650-4377-B7EC-1EC2B78E0E04}.Debug|x64.ActiveCfg = Debug|Any CPU
		{C85CFF1B-D650-4377-B7EC-1EC2B78E0E04}.Debug|x64.Build.0 = Debug|Any CPU
		{C85CFF1B-D650-4377-B7EC-1EC2B78E0E04}.Debug|x86.ActiveCfg = Debug|Any CPU
		{C85CFF1B-D650-4377-B7EC-1EC2B78E0E04}.Debug|x86.Build.0 = Debug|Any CPU
		{C85CFF1B-D650-4377-B7EC-1EC2B78E0E04}.Release|Any CPU.ActiveCfg = Release|Any CPU
		{C85CFF1B-D650-4377-B7EC-1EC2B78E0E04}.Release|Any CPU.Build.0 = Release|Any CPU
		{C85CFF1B-D650-4377-B7EC-1EC2B78E0E04}.Release|x64.ActiveCfg = Release|Any CPU
		{C85CFF1B-D650-4377-B7EC-1EC2B78E0E04}.Release|x64.Build.0 = Release|Any CPU
		{C85CFF1B-D650-4377-B7EC-1EC2B78E0E04}.Release|x86.ActiveCfg = Release|Any CPU
		{C85CFF1B-D650-4377-B7EC-1EC2B78E0E04}.Release|x86.Build.0 = Release|Any CPU
	EndGlobalSection
	GlobalSection(SolutionProperties) = preSolution
		HideSolutionNode = FALSE
	EndGlobalSection
EndGlobal
